// !$*UTF8*$!
{
	archiveVersion = 1;
	classes = {
	};
	objectVersion = 56;
	objects = {

/* Begin PBXBuildFile section */
		A1B2C3D401234567890123E1 /* Assets.xcassets in Resources */ = {isa = PBXBuildFile; fileRef = A1B2C3D401234567890123E2 /* Assets.xcassets */; };
		A1B2C3D40123456789012351 /* SignalStrengthPainterApp.swift in Sources */ = {isa = PBXBuildFile; fileRef = A1B2C3D4012345678901234A /* SignalStrengthPainterApp.swift */; };
		A1B2C3D40123456789012352 /* ContentView.swift in Sources */ = {isa = PBXBuildFile; fileRef = A1B2C3D4012345678901234B /* ContentView.swift */; };
		A1B2C3D40123456789012353 /* SignalCanvasView.swift in Sources */ = {isa = PBXBuildFile; fileRef = A1B2C3D4012345678901234C /* SignalCanvasView.swift */; };
		A1B2C3D40123456789012354 /* SignalMapViewModel.swift in Sources */ = {isa = PBXBuildFile; fileRef = A1B2C3D4012345678901234D /* SignalMapViewModel.swift */; };
		A1B2C3D40123456789012355 /* LatencyProbe.swift in Sources */ = {isa = PBXBuildFile; fileRef = A1B2C3D4012345678901234E /* LatencyProbe.swift */; };
		A1B2C3D40123456789012356 /* SignalTrailModels.swift in Sources */ = {isa = PBXBuildFile; fileRef = A1B2C3D4012345678901234F /* SignalTrailModels.swift */; };
		A1B2C3D40123456789012361 /* ARTrackingManager.swift in Sources */ = {isa = PBXBuildFile; fileRef = A1B2C3D40123456789012362 /* ARTrackingManager.swift */; };
		A1B2C3D40123456789012371 /* PaywallView.swift in Sources */ = {isa = PBXBuildFile; fileRef = A1B2C3D40123456789012372 /* PaywallView.swift */; };
		A1B2C3D40123456789012381 /* MainTabView.swift in Sources */ = {isa = PBXBuildFile; fileRef = A1B2C3D40123456789012382 /* MainTabView.swift */; };
		A1B2C3D40123456789012391 /* DashboardView.swift in Sources */ = {isa = PBXBuildFile; fileRef = A1B2C3D40123456789012392 /* DashboardView.swift */; };
		A1B2C3D401234567890123A1 /* SpeedTestManager.swift in Sources */ = {isa = PBXBuildFile; fileRef = A1B2C3D401234567890123A2 /* SpeedTestManager.swift */; };
		A1B2C3D401234567890123B1 /* NetworkScanner.swift in Sources */ = {isa = PBXBuildFile; fileRef = A1B2C3D401234567890123B2 /* NetworkScanner.swift */; };
		A1B2C3D401234567890123C1 /* DeviceDiscoveryView.swift in Sources */ = {isa = PBXBuildFile; fileRef = A1B2C3D401234567890123C2 /* DeviceDiscoveryView.swift */; };
		A1B2C3D401234567890123D1 /* AppTheme.swift in Sources */ = {isa = PBXBuildFile; fileRef = A1B2C3D401234567890123D2 /* AppTheme.swift */; };
		A1B2C3D401234567890123F1 /* AppLogoView.swift in Sources */ = {isa = PBXBuildFile; fileRef = A1B2C3D401234567890123F2 /* AppLogoView.swift */; };
		A1B2C3D40123456789012401 /* MACAddressResolver.swift in Sources */ = {isa = PBXBuildFile; fileRef = A1B2C3D40123456789012402 /* MACAddressResolver.swift */; };
		A1B2C3D40123456789012411 /* OUIDatabase.swift in Sources */ = {isa = PBXBuildFile; fileRef = A1B2C3D40123456789012412 /* OUIDatabase.swift */; };
		A1B2C3D40123456789012421 /* WiFiAssistantView.swift in Sources */ = {isa = PBXBuildFile; fileRef = A1B2C3D40123456789012422 /* WiFiAssistantView.swift */; };
		A1B2C3D40123456789012431 /* KlausMascotView.swift in Sources */ = {isa = PBXBuildFile; fileRef = A1B2C3D40123456789012432 /* KlausMascotView.swift */; };
/* End PBXBuildFile section */

/* Begin PBXFileReference section */
		A1B2C3D40123456789012349 /* SignalStrengthPainter.app */ = {isa = PBXFileReference; explicitFileType = wrapper.application; includeInIndex = 0; path = SignalStrengthPainter.app; sourceTree = BUILT_PRODUCTS_DIR; };
		A1B2C3D4012345678901234A /* SignalStrengthPainterApp.swift */ = {isa = PBXFileReference; lastKnownFileType = sourcecode.swift; path = SignalStrengthPainterApp.swift; sourceTree = "<group>"; };
		A1B2C3D4012345678901234B /* ContentView.swift */ = {isa = PBXFileReference; lastKnownFileType = sourcecode.swift; path = ContentView.swift; sourceTree = "<group>"; };
		A1B2C3D4012345678901234C /* SignalCanvasView.swift */ = {isa = PBXFileReference; lastKnownFileType = sourcecode.swift; path = SignalCanvasView.swift; sourceTree = "<group>"; };
		A1B2C3D4012345678901234D /* SignalMapViewModel.swift */ = {isa = PBXFileReference; lastKnownFileType = sourcecode.swift; path = SignalMapViewModel.swift; sourceTree = "<group>"; };
		A1B2C3D4012345678901234E /* LatencyProbe.swift */ = {isa = PBXFileReference; lastKnownFileType = sourcecode.swift; path = LatencyProbe.swift; sourceTree = "<group>"; };
		A1B2C3D4012345678901234F /* SignalTrailModels.swift */ = {isa = PBXFileReference; lastKnownFileType = sourcecode.swift; path = SignalTrailModels.swift; sourceTree = "<group>"; };
		A1B2C3D40123456789012350 /* Info.plist */ = {isa = PBXFileReference; lastKnownFileType = text.plist.xml; path = Info.plist; sourceTree = "<group>"; };
		A1B2C3D40123456789012362 /* ARTrackingManager.swift */ = {isa = PBXFileReference; lastKnownFileType = sourcecode.swift; path = ARTrackingManager.swift; sourceTree = "<group>"; };
		A1B2C3D40123456789012372 /* PaywallView.swift */ = {isa = PBXFileReference; lastKnownFileType = sourcecode.swift; path = PaywallView.swift; sourceTree = "<group>"; };
		A1B2C3D40123456789012382 /* MainTabView.swift */ = {isa = PBXFileReference; lastKnownFileType = sourcecode.swift; path = MainTabView.swift; sourceTree = "<group>"; };
		A1B2C3D40123456789012392 /* DashboardView.swift */ = {isa = PBXFileReference; lastKnownFileType = sourcecode.swift; path = DashboardView.swift; sourceTree = "<group>"; };
		A1B2C3D401234567890123A2 /* SpeedTestManager.swift */ = {isa = PBXFileReference; lastKnownFileType = sourcecode.swift; path = SpeedTestManager.swift; sourceTree = "<group>"; };
		A1B2C3D401234567890123B2 /* NetworkScanner.swift */ = {isa = PBXFileReference; lastKnownFileType = sourcecode.swift; path = NetworkScanner.swift; sourceTree = "<group>"; };
		A1B2C3D401234567890123C2 /* DeviceDiscoveryView.swift */ = {isa = PBXFileReference; lastKnownFileType = sourcecode.swift; path = DeviceDiscoveryView.swift; sourceTree = "<group>"; };
		A1B2C3D401234567890123D2 /* AppTheme.swift */ = {isa = PBXFileReference; lastKnownFileType = sourcecode.swift; path = AppTheme.swift; sourceTree = "<group>"; };
		A1B2C3D401234567890123F2 /* AppLogoView.swift */ = {isa = PBXFileReference; lastKnownFileType = sourcecode.swift; path = AppLogoView.swift; sourceTree = "<group>"; };
		A1B2C3D401234567890123E2 /* Assets.xcassets */ = {isa = PBXFileReference; lastKnownFileType = folder.assetcatalog; path = Assets.xcassets; sourceTree = "<group>"; };
		A1B2C3D40123456789012402 /* MACAddressResolver.swift */ = {isa = PBXFileReference; lastKnownFileType = sourcecode.swift; path = MACAddressResolver.swift; sourceTree = "<group>"; };
		A1B2C3D40123456789012412 /* OUIDatabase.swift */ = {isa = PBXFileReference; lastKnownFileType = sourcecode.swift; path = OUIDatabase.swift; sourceTree = "<group>"; };
		A1B2C3D40123456789012422 /* WiFiAssistantView.swift */ = {isa = PBXFileReference; lastKnownFileType = sourcecode.swift; path = WiFiAssistantView.swift; sourceTree = "<group>"; };
		A1B2C3D40123456789012432 /* KlausMascotView.swift */ = {isa = PBXFileReference; lastKnownFileType = sourcecode.swift; path = KlausMascotView.swift; sourceTree = "<group>"; };
/* End PBXFileReference section */

/* Begin PBXFrameworksBuildPhase section */
		A1B2C3D40123456789012357 /* Frameworks */ = {
			isa = PBXFrameworksBuildPhase;
			buildActionMask = 2147483647;
			files = (
			);
			runOnlyForDeploymentPostprocessing = 0;
		};
/* End PBXFrameworksBuildPhase section */

/* Begin PBXGroup section */
		A1B2C3D40123456789012346 = {
			isa = PBXGroup;
			children = (
				A1B2C3D40123456789012347 /* SignalStrengthPainter */,
				A1B2C3D40123456789012348 /* Products */,
			);
			sourceTree = "<group>";
		};
		A1B2C3D40123456789012347 /* SignalStrengthPainter */ = {
			isa = PBXGroup;
			children = (
				A1B2C3D4012345678901234A /* SignalStrengthPainterApp.swift */,
				A1B2C3D4012345678901234B /* ContentView.swift */,
				A1B2C3D4012345678901234C /* SignalCanvasView.swift */,
				A1B2C3D40123456789012362 /* ARTrackingManager.swift */,
				A1B2C3D4012345678901234D /* SignalMapViewModel.swift */,
				A1B2C3D4012345678901234E /* LatencyProbe.swift */,
				A1B2C3D4012345678901234F /* SignalTrailModels.swift */,
				A1B2C3D40123456789012372 /* PaywallView.swift */,
				A1B2C3D40123456789012382 /* MainTabView.swift */,
				A1B2C3D40123456789012392 /* DashboardView.swift */,
				A1B2C3D401234567890123A2 /* SpeedTestManager.swift */,
				A1B2C3D401234567890123B2 /* NetworkScanner.swift */,
				A1B2C3D40123456789012402 /* MACAddressResolver.swift */,
				A1B2C3D40123456789012412 /* OUIDatabase.swift */,
				A1B2C3D401234567890123C2 /* DeviceDiscoveryView.swift */,
				A1B2C3D401234567890123D2 /* AppTheme.swift */,
				A1B2C3D401234567890123F2 /* AppLogoView.swift */,
				A1B2C3D40123456789012422 /* WiFiAssistantView.swift */,
				A1B2C3D40123456789012432 /* KlausMascotView.swift */,
				A1B2C3D401234567890123E2 /* Assets.xcassets */,
				A1B2C3D40123456789012350 /* Info.plist */,
			);
			path = SignalStrengthPainter;
			sourceTree = "<group>";
		};
		A1B2C3D40123456789012348 /* Products */ = {
			isa = PBXGroup;
			children = (
				A1B2C3D40123456789012349 /* SignalStrengthPainter.app */,
			);
			name = Products;
			sourceTree = "<group>";
		};
/* End PBXGroup section */

/* Begin PBXNativeTarget section */
		A1B2C3D4012345678901235A /* SignalStrengthPainter */ = {
			isa = PBXNativeTarget;
			buildConfigurationList = A1B2C3D4012345678901235B /* Build configuration list for PBXNativeTarget "SignalStrengthPainter" */;
			buildPhases = (
				A1B2C3D40123456789012358 /* Sources */,
				A1B2C3D40123456789012357 /* Frameworks */,
				A1B2C3D40123456789012359 /* Resources */,
			);
			buildRules = (
			);
			dependencies = (
			);
			name = SignalStrengthPainter;
			productName = SignalStrengthPainter;
			productReference = A1B2C3D40123456789012349 /* SignalStrengthPainter.app */;
			productType = "com.apple.product-type.application";
		};
/* End PBXNativeTarget section */

/* Begin PBXProject section */
		A1B2C3D40123456789012345 /* Project object */ = {
			isa = PBXProject;
			attributes = {
				BuildIndependentTargetsInParallel = 1;
				LastSwiftUpdateCheck = 1500;
				LastUpgradeCheck = 2640;
				TargetAttributes = {
					A1B2C3D4012345678901235A = {
						CreatedOnToolsVersion = 15.0;
					};
				};
			};
			buildConfigurationList = A1B2C3D4012345678901235C /* Build configuration list for PBXProject "SignalStrengthPainter" */;
			compatibilityVersion = "Xcode 14.0";
			developmentRegion = en;
			hasScannedForEncodings = 0;
			knownRegions = (
				en,
				Base,
			);
			mainGroup = A1B2C3D40123456789012346;
			productRefGroup = A1B2C3D40123456789012348 /* Products */;
			projectDirPath = "";
			projectRoot = "";
			targets = (
				A1B2C3D4012345678901235A /* SignalStrengthPainter */,
			);
		};
/* End PBXProject section */

/* Begin PBXResourcesBuildPhase section */
		A1B2C3D40123456789012359 /* Resources */ = {
			isa = PBXResourcesBuildPhase;
			buildActionMask = 2147483647;
			files = (
				A1B2C3D401234567890123E1 /* Assets.xcassets in Resources */,
			);
			runOnlyForDeploymentPostprocessing = 0;
		};
/* End PBXResourcesBuildPhase section */

/* Begin PBXSourcesBuildPhase section */
		A1B2C3D40123456789012358 /* Sources */ = {
			isa = PBXSourcesBuildPhase;
			buildActionMask = 2147483647;
			files = (
				A1B2C3D40123456789012351 /* SignalStrengthPainterApp.swift in Sources */,
				A1B2C3D40123456789012352 /* ContentView.swift in Sources */,
				A1B2C3D40123456789012353 /* SignalCanvasView.swift in Sources */,
				A1B2C3D40123456789012361 /* ARTrackingManager.swift in Sources */,
				A1B2C3D40123456789012354 /* SignalMapViewModel.swift in Sources */,
				A1B2C3D40123456789012355 /* LatencyProbe.swift in Sources */,
				A1B2C3D40123456789012356 /* SignalTrailModels.swift in Sources */,
				A1B2C3D40123456789012371 /* PaywallView.swift in Sources */,
				A1B2C3D40123456789012381 /* MainTabView.swift in Sources */,
				A1B2C3D40123456789012391 /* DashboardView.swift in Sources */,
				A1B2C3D401234567890123A1 /* SpeedTestManager.swift in Sources */,
				A1B2C3D401234567890123B1 /* NetworkScanner.swift in Sources */,
				A1B2C3D40123456789012401 /* MACAddressResolver.swift in Sources */,
				A1B2C3D40123456789012411 /* OUIDatabase.swift in Sources */,
				A1B2C3D401234567890123C1 /* DeviceDiscoveryView.swift in Sources */,
				A1B2C3D401234567890123D1 /* AppTheme.swift in Sources */,
				A1B2C3D401234567890123F1 /* AppLogoView.swift in Sources */,
				A1B2C3D40123456789012421 /* WiFiAssistantView.swift in Sources */,
				A1B2C3D40123456789012431 /* KlausMascotView.swift in Sources */,
			);
			runOnlyForDeploymentPostprocessing = 0;
		};
/* End PBXSourcesBuildPhase section */

/* Begin XCBuildConfiguration section */
		A1B2C3D4012345678901235D /* Debug */ = {
			isa = XCBuildConfiguration;
			buildSettings = {
				ALWAYS_SEARCH_USER_PATHS = NO;
				ASSETCATALOG_COMPILER_GENERATE_SWIFT_ASSET_SYMBOL_EXTENSIONS = YES;
				CLANG_ANALYZER_NONNULL = YES;
				CLANG_ANALYZER_NUMBER_OBJECT_CONVERSION = YES_AGGRESSIVE;
				CLANG_CXX_LANGUAGE_STANDARD = "gnu++20";
				CLANG_ENABLE_MODULES = YES;
				CLANG_ENABLE_OBJC_ARC = YES;
				CLANG_ENABLE_OBJC_WEAK = YES;
				CLANG_WARN_BLOCK_CAPTURE_AUTORELEASING = YES;
				CLANG_WARN_BOOL_CONVERSION = YES;
				CLANG_WARN_COMMA = YES;
				CLANG_WARN_CONSTANT_CONVERSION = YES;
				CLANG_WARN_DEPRECATED_OBJC_IMPLEMENTATIONS = YES;
				CLANG_WARN_DIRECT_OBJC_ISA_USAGE = YES_ERROR;
				CLANG_WARN_DOCUMENTATION_COMMENTS = YES;
				CLANG_WARN_EMPTY_BODY = YES;
				CLANG_WARN_ENUM_CONVERSION = YES;
				CLANG_WARN_INFINITE_RECURSION = YES;
				CLANG_WARN_INT_CONVERSION = YES;
				CLANG_WARN_NON_LITERAL_NULL_CONVERSION = YES;
				CLANG_WARN_OBJC_IMPLICIT_RETAIN_SELF = YES;
				CLANG_WARN_OBJC_LITERAL_CONVERSION = YES;
				CLANG_WARN_OBJC_ROOT_CLASS = YES_ERROR;
				CLANG_WARN_QUOTED_INCLUDE_IN_FRAMEWORK_HEADER = YES;
				CLANG_WARN_RANGE_LOOP_ANALYSIS = YES;
				CLANG_WARN_STRICT_PROTOTYPES = YES;
				CLANG_WARN_SUSPICIOUS_MOVE = YES;
				CLANG_WARN_UNGUARDED_AVAILABILITY = YES_AGGRESSIVE;
				CLANG_WARN_UNREACHABLE_CODE = YES;
				CLANG_WARN__DUPLICATE_METHOD_MATCH = YES;
				COPY_PHASE_STRIP = NO;
				DEBUG_INFORMATION_FORMAT = dwarf;
				DEVELOPMENT_TEAM = FX7NTS543Z;
				ENABLE_STRICT_OBJC_MSGSEND = YES;
				ENABLE_TESTABILITY = YES;
				ENABLE_USER_SCRIPT_SANDBOXING = YES;
				GCC_C_LANGUAGE_STANDARD = gnu17;
				GCC_DYNAMIC_NO_PIC = NO;
				GCC_NO_COMMON_BLOCKS = YES;
				GCC_OPTIMIZATION_LEVEL = 0;
				GCC_PREPROCESSOR_DEFINITIONS = (
					"DEBUG=1",
					"$(inherited)",
				);
				GCC_WARN_64_TO_32_BIT_CONVERSION = YES;
				GCC_WARN_ABOUT_RETURN_TYPE = YES_ERROR;
				GCC_WARN_UNDECLARED_SELECTOR = YES;
				GCC_WARN_UNINITIALIZED_AUTOS = YES_AGGRESSIVE;
				GCC_WARN_UNUSED_FUNCTION = YES;
				GCC_WARN_UNUSED_VARIABLE = YES;
				IPHONEOS_DEPLOYMENT_TARGET = 17.0;
				LOCALIZATION_PREFERS_STRING_CATALOGS = YES;
				MTL_ENABLE_DEBUG_INFO = INCLUDE_SOURCE;
				MTL_FAST_MATH = YES;
				ONLY_ACTIVE_ARCH = YES;
				SDKROOT = iphoneos;
				STRING_CATALOG_GENERATE_SYMBOLS = YES;
				SWIFT_ACTIVE_COMPILATION_CONDITIONS = "DEBUG $(inherited)";
				SWIFT_OPTIMIZATION_LEVEL = "-Onone";
			};
			name = Debug;
		};
		A1B2C3D4012345678901235E /* Release */ = {
			isa = XCBuildConfiguration;
			buildSettings = {
				ALWAYS_SEARCH_USER_PATHS = NO;
				ASSETCATALOG_COMPILER_GENERATE_SWIFT_ASSET_SYMBOL_EXTENSIONS = YES;
				CLANG_ANALYZER_NONNULL = YES;
				CLANG_ANALYZER_NUMBER_OBJECT_CONVERSION = YES_AGGRESSIVE;
				CLANG_CXX_LANGUAGE_STANDARD = "gnu++20";
				CLANG_ENABLE_MODULES = YES;
				CLANG_ENABLE_OBJC_ARC = YES;
				CLANG_ENABLE_OBJC_WEAK = YES;
				CLANG_WARN_BLOCK_CAPTURE_AUTORELEASING = YES;
				CLANG_WARN_BOOL_CONVERSION = YES;
				CLANG_WARN_COMMA = YES;
				CLANG_WARN_CONSTANT_CONVERSION = YES;
				CLANG_WARN_DEPRECATED_OBJC_IMPLEMENTATIONS = YES;
				CLANG_WARN_DIRECT_OBJC_ISA_USAGE = YES_ERROR;
				CLANG_WARN_DOCUMENTATION_COMMENTS = YES;
				CLANG_WARN_EMPTY_BODY = YES;
				CLANG_WARN_ENUM_CONVERSION = YES;
				CLANG_WARN_INFINITE_RECURSION = YES;
				CLANG_WARN_INT_CONVERSION = YES;
				CLANG_WARN_NON_LITERAL_NULL_CONVERSION = YES;
				CLANG_WARN_OBJC_IMPLICIT_RETAIN_SELF = YES;
				CLANG_WARN_OBJC_LITERAL_CONVERSION = YES;
				CLANG_WARN_OBJC_ROOT_CLASS = YES_ERROR;
				CLANG_WARN_QUOTED_INCLUDE_IN_FRAMEWORK_HEADER = YES;
				CLANG_WARN_RANGE_LOOP_ANALYSIS = YES;
				CLANG_WARN_STRICT_PROTOTYPES = YES;
				CLANG_WARN_SUSPICIOUS_MOVE = YES;
				CLANG_WARN_UNGUARDED_AVAILABILITY = YES_AGGRESSIVE;
				CLANG_WARN_UNREACHABLE_CODE = YES;
				CLANG_WARN__DUPLICATE_METHOD_MATCH = YES;
				COPY_PHASE_STRIP = NO;
				DEBUG_INFORMATION_FORMAT = "dwarf-with-dsym";
				DEVELOPMENT_TEAM = FX7NTS543Z;
				ENABLE_NS_ASSERTIONS = NO;
				ENABLE_STRICT_OBJC_MSGSEND = YES;
				ENABLE_USER_SCRIPT_SANDBOXING = YES;
				GCC_C_LANGUAGE_STANDARD = gnu17;
				GCC_NO_COMMON_BLOCKS = YES;
				GCC_WARN_64_TO_32_BIT_CONVERSION = YES;
				GCC_WARN_ABOUT_RETURN_TYPE = YES_ERROR;
				GCC_WARN_UNDECLARED_SELECTOR = YES;
				GCC_WARN_UNINITIALIZED_AUTOS = YES_AGGRESSIVE;
				GCC_WARN_UNUSED_FUNCTION = YES;
				GCC_WARN_UNUSED_VARIABLE = YES;
				IPHONEOS_DEPLOYMENT_TARGET = 17.0;
				LOCALIZATION_PREFERS_STRING_CATALOGS = YES;
				MTL_ENABLE_DEBUG_INFO = NO;
				MTL_FAST_MATH = YES;
				SDKROOT = iphoneos;
				STRING_CATALOG_GENERATE_SYMBOLS = YES;
				SWIFT_COMPILATION_MODE = wholemodule;
				VALIDATE_PRODUCT = YES;
			};
			name = Release;
		};
		A1B2C3D4012345678901235F /* Debug */ = {
			isa = XCBuildConfiguration;
			buildSettings = {
				ASSETCATALOG_COMPILER_APPICON_NAME = AppIcon;
				CODE_SIGN_STYLE = Automatic;
				CURRENT_PROJECT_VERSION = 1;
				DEVELOPMENT_TEAM = FX7NTS543Z;
				ENABLE_PREVIEWS = YES;
				GENERATE_INFOPLIST_FILE = NO;
				INFOPLIST_FILE = SignalStrengthPainter/Info.plist;
				INFOPLIST_KEY_UIApplicationSceneManifest_Generation = YES;
				INFOPLIST_KEY_UIApplicationSupportsIndirectInputEvents = YES;
				INFOPLIST_KEY_UILaunchScreen_Generation = YES;
				INFOPLIST_KEY_UISupportedInterfaceOrientations_iPad = "UIInterfaceOrientationPortrait UIInterfaceOrientationPortraitUpsideDown UIInterfaceOrientationLandscapeLeft UIInterfaceOrientationLandscapeRight";
				INFOPLIST_KEY_UISupportedInterfaceOrientations_iPhone = "UIInterfaceOrientationPortrait UIInterfaceOrientationLandscapeLeft UIInterfaceOrientationLandscapeRight";
				LD_RUNPATH_SEARCH_PATHS = (
					"$(inherited)",
					"@executable_path/Frameworks",
				);
				MARKETING_VERSION = 1.0;
				PRODUCT_BUNDLE_IDENTIFIER = com.example.SignalStrengthPainter;
				PRODUCT_NAME = "$(TARGET_NAME)";
				SUPPORTED_PLATFORMS = "iphoneos iphonesimulator";
				SUPPORTS_MACCATALYST = NO;
				SWIFT_EMIT_LOC_STRINGS = YES;
				SWIFT_STRICT_CONCURRENCY = minimal;
				SWIFT_VERSION = 5.0;
				TARGETED_DEVICE_FAMILY = "1,2";
			};
			name = Debug;
		};
		A1B2C3D40123456789012360 /* Release */ = {
			isa = XCBuildConfiguration;
			buildSettings = {
				ASSETCATALOG_COMPILER_APPICON_NAME = AppIcon;
				CODE_SIGN_STYLE = Automatic;
				CURRENT_PROJECT_VERSION = 1;
				DEVELOPMENT_TEAM = FX7NTS543Z;
				ENABLE_PREVIEWS = YES;
				GENERATE_INFOPLIST_FILE = NO;
				INFOPLIST_FILE = SignalStrengthPainter/Info.plist;
				INFOPLIST_KEY_UIApplicationSceneManifest_Generation = YES;
				INFOPLIST_KEY_UIApplicationSupportsIndirectInputEvents = YES;
				INFOPLIST_KEY_UILaunchScreen_Generation = YES;
				INFOPLIST_KEY_UISupportedInterfaceOrientations_iPad = "UIInterfaceOrientationPortrait UIInterfaceOrientationPortraitUpsideDown UIInterfaceOrientationLandscapeLeft UIInterfaceOrientationLandscapeRight";
				INFOPLIST_KEY_UISupportedInterfaceOrientations_iPhone = "UIInterfaceOrientationPortrait UIInterfaceOrientationLandscapeLeft UIInterfaceOrientationLandscapeRight";
				LD_RUNPATH_SEARCH_PATHS = (
					"$(inherited)",
					"@executable_path/Frameworks",
				);
				MARKETING_VERSION = 1.0;
				PRODUCT_BUNDLE_IDENTIFIER = com.example.SignalStrengthPainter;
				PRODUCT_NAME = "$(TARGET_NAME)";
				SUPPORTED_PLATFORMS = "iphoneos iphonesimulator";
				SUPPORTS_MACCATALYST = NO;
				SWIFT_EMIT_LOC_STRINGS = YES;
				SWIFT_STRICT_CONCURRENCY = minimal;
				SWIFT_VERSION = 5.0;
				TARGETED_DEVICE_FAMILY = "1,2";
			};
			name = Release;
		};
/* End XCBuildConfiguration section */

/* Begin XCConfigurationList section */
		A1B2C3D4012345678901235B /* Build configuration list for PBXNativeTarget "SignalStrengthPainter" */ = {
			isa = XCConfigurationList;
			buildConfigurations = (
				A1B2C3D4012345678901235F /* Debug */,
				A1B2C3D40123456789012360 /* Release */,
			);
			defaultConfigurationIsVisible = 0;
			defaultConfigurationName = Release;
		};
		A1B2C3D4012345678901235C /* Build configuration list for PBXProject "SignalStrengthPainter" */ = {
			isa = XCConfigurationList;
			buildConfigurations = (
				A1B2C3D4012345678901235D /* Debug */,
				A1B2C3D4012345678901235E /* Release */,
			);
			defaultConfigurationIsVisible = 0;
			defaultConfigurationName = Release;
		};
/* End XCConfigurationList section */
	};
	rootObject = A1B2C3D40123456789012345 /* Project object */;
}
